
Microsoft Visual Studio Solution File, Format Version 12.00
# Visual Studio Version 16
VisualStudioVersion = 16.0.31729.503
MinimumVisualStudioVersion = 10.0.40219.1
Project("{FAE04EC0-301F-11D3-BF4B-00C04F79EFBC}") = "WebApplicationEmpty", "WebApplicationEmpty\WebApplicationEmpty.csproj", "{4B2D66EB-8554-413E-9079-35FEA768F0F4}"
EndProject
Project("{FAE04EC0-301F-11D3-BF4B-00C04F79EFBC}") = "WebApplicationMVCTanisma", "WebApplicationMVCTanisma\WebApplicationMVCTanisma.csproj", "{A965FD02-9629-4175-A127-17136D123D37}"
EndProject
Global
	GlobalSection(SolutionConfigurationPlatforms) = preSolution
		Debug|Any CPU = Debug|Any CPU
		Release|Any CPU = Release|Any CPU
	EndGlobalSection
	GlobalSection(ProjectConfigurationPlatforms) = postSolution
		{4B2D66EB-8554-413E-9079-35FEA768F0F4}.Debug|Any CPU.ActiveCfg = Debug|Any CPU
		{4B2D66EB-8554-413E-9079-35FEA768F0F4}.Debug|Any CPU.Build.0 = Debug|Any CPU
		{4B2D66EB-8554-413E-9079-35FEA768F0F4}.Release|Any CPU.ActiveCfg = Release|Any CPU
		{4B2D66EB-8554-413E-9079-35FEA768F0F4}.Release|Any CPU.Build.0 = Release|Any CPU
		{A965FD02-9629-4175-A127-17136D123D37}.Debug|Any CPU.ActiveCfg = Debug|Any CPU
		{A965FD02-9629-4175-A127-17136D123D37}.Debug|Any CPU.Build.0 = Debug|Any CPU
		{A965FD02-9629-4175-A127-17136D123D37}.Release|Any CPU.ActiveCfg = Release|Any CPU
		{A965FD02-9629-4175-A127-17136D123D37}.Release|Any CPU.Build.0 = Release|Any CPU
	EndGlobalSection
	GlobalSection(SolutionProperties) = preSolution
		HideSolutionNode = FALSE
	EndGlobalSection
	GlobalSection(ExtensibilityGlobals) = postSolution
		SolutionGuid = {DCB7AF41-DECB-4CE6-ADCA-B5911F9782A1}
	EndGlobalSection
EndGlobal
